{
  "nodes": {
    "composer2nix-src": {
      "flake": false,
      "locked": {
        "lastModified": 1646178110,
        "narHash": "sha256-P3acfGwHYjjZQcviPiOT7T7qzzP/drc2mibzrsrNP18=",
        "owner": "svanderburg",
        "repo": "composer2nix",
        "rev": "299caca4aac42d7639a42eb4dde951c010f6e91c",
        "type": "github"
      },
      "original": {
        "owner": "svanderburg",
        "ref": "v0.0.6",
        "repo": "composer2nix",
        "type": "github"
      }
    },
    "firefly-iii-src": {
      "flake": false,
      "locked": {
        "lastModified": 1677788471,
        "narHash": "sha256-XEU22rHKMg0JJmymV4FVHgtNhkCy5+U+yUTbzIK3dck=",
        "owner": "firefly-iii",
        "repo": "firefly-iii",
        "rev": "1a3720bfaaadfa29f90cdad77ae1a91ed676cb65",
        "type": "github"
      },
      "original": {
        "owner": "firefly-iii",
        "ref": "v6.0.0",
        "repo": "firefly-iii",
        "type": "github"
      }
    },
    "nixpkgs": {
      "locked": {
        "lastModified": 1677179781,
        "narHash": "sha256-+peLp16ruWLuTFHo0ZUbLlS1/meS/+RsWQQ9bUAzOh8=",
        "owner": "NixOS",
        "repo": "nixpkgs",
        "rev": "50c23cd4ff6c8344e0b4d438b027b3afabfe58dd",
        "type": "github"
      },
      "original": {
        "owner": "NixOS",
        "ref": "nixos-22.11",
        "repo": "nixpkgs",
        "type": "github"
      }
    },
    "root": {
      "inputs": {
        "composer2nix-src": "composer2nix-src",
        "firefly-iii-src": "firefly-iii-src",
        "nixpkgs": "nixpkgs"
      }
    }
  },
  "root": "root",
  "version": 7
}
