{
  "nodes": {
    "firefly-iii-src": {
      "flake": false,
      "locked": {
        "lastModified": 1672672217,
        "narHash": "sha256-Ci2QFnRpoi04LTNHGC+ztMkIBZ0vJapLJfHnsyp0LGc=",
        "owner": "firefly-iii",
        "repo": "firefly-iii",
        "rev": "4daaa44ba86a16874bdb82991f5b84a8473c3afd",
        "type": "github"
      },
      "original": {
        "owner": "firefly-iii",
        "ref": "5.7.18",
        "repo": "firefly-iii",
        "type": "github"
      }
    },
    "nixpkgs": {
      "locked": {
        "lastModified": 1674242456,
        "narHash": "sha256-yBy7rCH7EiBe9+CHZm9YB5ii5GRa+MOxeW0oDEBO8SE=",
        "owner": "NixOS",
        "repo": "nixpkgs",
        "rev": "cdead16a444a3e5de7bc9b0af8e198b11bb01804",
        "type": "github"
      },
      "original": {
        "owner": "NixOS",
        "ref": "nixos-22.11",
        "repo": "nixpkgs",
        "type": "github"
      }
    },
    "root": {
      "inputs": {
        "firefly-iii-src": "firefly-iii-src",
        "nixpkgs": "nixpkgs"
      }
    }
  },
  "root": "root",
  "version": 7
}
