{
  "nodes": {
    "composer2nix-src": {
      "flake": false,
      "locked": {
        "lastModified": 1646178110,
        "narHash": "sha256-P3acfGwHYjjZQcviPiOT7T7qzzP/drc2mibzrsrNP18=",
        "owner": "svanderburg",
        "repo": "composer2nix",
        "rev": "299caca4aac42d7639a42eb4dde951c010f6e91c",
        "type": "github"
      },
      "original": {
        "owner": "svanderburg",
        "ref": "v0.0.6",
        "repo": "composer2nix",
        "type": "github"
      }
    },
    "firefly-iii-src": {
      "flake": false,
      "locked": {
        "lastModified": 1681548383,
        "narHash": "sha256-ymWotU5wM6nQhsfnyAt+unewJ5D0tJpNK+UedSyfITU=",
        "owner": "firefly-iii",
        "repo": "firefly-iii",
        "rev": "f878af0d3bbfe7b1a51bef758d4e2e9a66118316",
        "type": "github"
      },
      "original": {
        "owner": "firefly-iii",
        "ref": "v6.0.8",
        "repo": "firefly-iii",
        "type": "github"
      }
    },
    "nixpkgs": {
      "locked": {
        "lastModified": 1681482634,
        "narHash": "sha256-cT/nr3L8khEYZSGp8qqwxFH+/q4/547MfyOdSj6MhBk=",
        "owner": "NixOS",
        "repo": "nixpkgs",
        "rev": "fda0d99c2cbbb5c89d8855d258cb0821bd9113ad",
        "type": "github"
      },
      "original": {
        "owner": "NixOS",
        "ref": "nixos-22.11",
        "repo": "nixpkgs",
        "type": "github"
      }
    },
    "root": {
      "inputs": {
        "composer2nix-src": "composer2nix-src",
        "firefly-iii-src": "firefly-iii-src",
        "nixpkgs": "nixpkgs"
      }
    }
  },
  "root": "root",
  "version": 7
}
